// !$*UTF8*$!
{
	archiveVersion = 1;
	classes = {
	};
	objectVersion = 46;
	objects = {

/* Begin PBXBuildFile section */
		1ACC11BA1B302A5D000C99A9 /* main.m in Sources */ = {isa = PBXBuildFile; fileRef = 1ACC11B91B302A5D000C99A9 /* main.m */; };
		1ACC11BD1B302A5D000C99A9 /* AppDelegate.m in Sources */ = {isa = PBXBuildFile; fileRef = 1ACC11BC1B302A5D000C99A9 /* AppDelegate.m */; };
		1ACC11C01B302A5D000C99A9 /* ViewController.m in Sources */ = {isa = PBXBuildFile; fileRef = 1ACC11BF1B302A5D000C99A9 /* ViewController.m */; };
		1ACC11C31B302A5D000C99A9 /* Main.storyboard in Resources */ = {isa = PBXBuildFile; fileRef = 1ACC11C11B302A5D000C99A9 /* Main.storyboard */; };
		1ACC11C51B302A5D000C99A9 /* Images.xcassets in Resources */ = {isa = PBXBuildFile; fileRef = 1ACC11C41B302A5D000C99A9 /* Images.xcassets */; };
		1ACC11C81B302A5D000C99A9 /* LaunchScreen.xib in Resources */ = {isa = PBXBuildFile; fileRef = 1ACC11C61B302A5D000C99A9 /* LaunchScreen.xib */; };
		1ACC11D41B302A5D000C99A9 /* GITSOURTests.m in Sources */ = {isa = PBXBuildFile; fileRef = 1ACC11D31B302A5D000C99A9 /* GITSOURTests.m */; };
		1ACC12111B3031F3000C99A9 /* NewView.m in Sources */ = {isa = PBXBuildFile; fileRef = 1ACC12101B3031F3000C99A9 /* NewView.m */; };
/* End PBXBuildFile section */

/* Begin PBXContainerItemProxy section */
		1ACC11CE1B302A5D000C99A9 /* PBXContainerItemProxy */ = {
			isa = PBXContainerItemProxy;
			containerPortal = 1ACC11AC1B302A5D000C99A9 /* Project object */;
			proxyType = 1;
			remoteGlobalIDString = 1ACC11B31B302A5D000C99A9;
			remoteInfo = GITSOUR;
		};
/* End PBXContainerItemProxy section */

/* Begin PBXFileReference section */
		1ACC11B41B302A5D000C99A9 /* GITSOUR.app */ = {isa = PBXFileReference; explicitFileType = wrapper.application; includeInIndex = 0; path = GITSOUR.app; sourceTree = BUILT_PRODUCTS_DIR; };
		1ACC11B81B302A5D000C99A9 /* Info.plist */ = {isa = PBXFileReference; lastKnownFileType = text.plist.xml; path = Info.plist; sourceTree = "<group>"; };
		1ACC11B91B302A5D000C99A9 /* main.m */ = {isa = PBXFileReference; lastKnownFileType = sourcecode.c.objc; path = main.m; sourceTree = "<group>"; };
		1ACC11BB1B302A5D000C99A9 /* AppDelegate.h */ = {isa = PBXFileReference; lastKnownFileType = sourcecode.c.h; path = AppDelegate.h; sourceTree = "<group>"; };
		1ACC11BC1B302A5D000C99A9 /* AppDelegate.m */ = {isa = PBXFileReference; lastKnownFileType = sourcecode.c.objc; path = AppDelegate.m; sourceTree = "<group>"; };
		1ACC11BE1B302A5D000C99A9 /* ViewController.h */ = {isa = PBXFileReference; lastKnownFileType = sourcecode.c.h; path = ViewController.h; sourceTree = "<group>"; };
		1ACC11BF1B302A5D000C99A9 /* ViewController.m */ = {isa = PBXFileReference; lastKnownFileType = sourcecode.c.objc; path = ViewController.m; sourceTree = "<group>"; };
		1ACC11C21B302A5D000C99A9 /* Base */ = {isa = PBXFileReference; lastKnownFileType = file.storyboard; name = Base; path = Base.lproj/Main.storyboard; sourceTree = "<group>"; };
		1ACC11C41B302A5D000C99A9 /* Images.xcassets */ = {isa = PBXFileReference; lastKnownFileType = folder.assetcatalog; path = Images.xcassets; sourceTree = "<group>"; };
		1ACC11C71B302A5D000C99A9 /* Base */ = {isa = PBXFileReference; lastKnownFileType = file.xib; name = Base; path = Base.lproj/LaunchScreen.xib; sourceTree = "<group>"; };
		1ACC11CD1B302A5D000C99A9 /* GITSOURTests.xctest */ = {isa = PBXFileReference; explicitFileType = wrapper.cfbundle; includeInIndex = 0; path = GITSOURTests.xctest; sourceTree = BUILT_PRODUCTS_DIR; };
		1ACC11D21B302A5D000C99A9 /* Info.plist */ = {isa = PBXFileReference; lastKnownFileType = text.plist.xml; path = Info.plist; sourceTree = "<group>"; };
		1ACC11D31B302A5D000C99A9 /* GITSOURTests.m */ = {isa = PBXFileReference; lastKnownFileType = sourcecode.c.objc; path = GITSOURTests.m; sourceTree = "<group>"; };
		1ACC120F1B3031F3000C99A9 /* NewView.h */ = {isa = PBXFileReference; fileEncoding = 4; lastKnownFileType = sourcecode.c.h; path = NewView.h; sourceTree = "<group>"; };
		1ACC12101B3031F3000C99A9 /* NewView.m */ = {isa = PBXFileReference; fileEncoding = 4; lastKnownFileType = sourcecode.c.objc; path = NewView.m; sourceTree = "<group>"; };
/* End PBXFileReference section */

/* Begin PBXFrameworksBuildPhase section */
		1ACC11B11B302A5D000C99A9 /* Frameworks */ = {
			isa = PBXFrameworksBuildPhase;
			buildActionMask = 2147483647;
			files = (
			);
			runOnlyForDeploymentPostprocessing = 0;
		};
		1ACC11CA1B302A5D000C99A9 /* Frameworks */ = {
			isa = PBXFrameworksBuildPhase;
			buildActionMask = 2147483647;
			files = (
			);
			runOnlyForDeploymentPostprocessing = 0;
		};
/* End PBXFrameworksBuildPhase section */

/* Begin PBXGroup section */
		1ACC11AB1B302A5D000C99A9 = {
			isa = PBXGroup;
			children = (
				1ACC11B61B302A5D000C99A9 /* GITSOUR */,
				1ACC11D01B302A5D000C99A9 /* GITSOURTests */,
				1ACC11B51B302A5D000C99A9 /* Products */,
			);
			sourceTree = "<group>";
		};
		1ACC11B51B302A5D000C99A9 /* Products */ = {
			isa = PBXGroup;
			children = (
				1ACC11B41B302A5D000C99A9 /* GITSOUR.app */,
				1ACC11CD1B302A5D000C99A9 /* GITSOURTests.xctest */,
			);
			name = Products;
			sourceTree = "<group>";
		};
		1ACC11B61B302A5D000C99A9 /* GITSOUR */ = {
			isa = PBXGroup;
			children = (
				1ACC11BB1B302A5D000C99A9 /* AppDelegate.h */,
				1ACC11BC1B302A5D000C99A9 /* AppDelegate.m */,
				1ACC11BE1B302A5D000C99A9 /* ViewController.h */,
				1ACC11BF1B302A5D000C99A9 /* ViewController.m */,
				1ACC120F1B3031F3000C99A9 /* NewView.h */,
				1ACC12101B3031F3000C99A9 /* NewView.m */,
				1ACC11C11B302A5D000C99A9 /* Main.storyboard */,
				1ACC11C41B302A5D000C99A9 /* Images.xcassets */,
				1ACC11C61B302A5D000C99A9 /* LaunchScreen.xib */,
				1ACC11B71B302A5D000C99A9 /* Supporting Files */,
			);
			path = GITSOUR;
			sourceTree = "<group>";
		};
		1ACC11B71B302A5D000C99A9 /* Supporting Files */ = {
			isa = PBXGroup;
			children = (
				1ACC11B81B302A5D000C99A9 /* Info.plist */,
				1ACC11B91B302A5D000C99A9 /* main.m */,
			);
			name = "Supporting Files";
			sourceTree = "<group>";
		};
		1ACC11D01B302A5D000C99A9 /* GITSOURTests */ = {
			isa = PBXGroup;
			children = (
				1ACC11D31B302A5D000C99A9 /* GITSOURTests.m */,
				1ACC11D11B302A5D000C99A9 /* Supporting Files */,
			);
			path = GITSOURTests;
			sourceTree = "<group>";
		};
		1ACC11D11B302A5D000C99A9 /* Supporting Files */ = {
			isa = PBXGroup;
			children = (
				1ACC11D21B302A5D000C99A9 /* Info.plist */,
			);
			name = "Supporting Files";
			sourceTree = "<group>";
		};
/* End PBXGroup section */

/* Begin PBXNativeTarget section */
		1ACC11B31B302A5D000C99A9 /* GITSOUR */ = {
			isa = PBXNativeTarget;
			buildConfigurationList = 1ACC11D71B302A5D000C99A9 /* Build configuration list for PBXNativeTarget "GITSOUR" */;
			buildPhases = (
				1ACC11B01B302A5D000C99A9 /* Sources */,
				1ACC11B11B302A5D000C99A9 /* Frameworks */,
				1ACC11B21B302A5D000C99A9 /* Resources */,
			);
			buildRules = (
			);
			dependencies = (
			);
			name = GITSOUR;
			productName = GITSOUR;
			productReference = 1ACC11B41B302A5D000C99A9 /* GITSOUR.app */;
			productType = "com.apple.product-type.application";
		};
		1ACC11CC1B302A5D000C99A9 /* GITSOURTests */ = {
			isa = PBXNativeTarget;
			buildConfigurationList = 1ACC11DA1B302A5D000C99A9 /* Build configuration list for PBXNativeTarget "GITSOURTests" */;
			buildPhases = (
				1ACC11C91B302A5D000C99A9 /* Sources */,
				1ACC11CA1B302A5D000C99A9 /* Frameworks */,
				1ACC11CB1B302A5D000C99A9 /* Resources */,
			);
			buildRules = (
			);
			dependencies = (
				1ACC11CF1B302A5D000C99A9 /* PBXTargetDependency */,
			);
			name = GITSOURTests;
			productName = GITSOURTests;
			productReference = 1ACC11CD1B302A5D000C99A9 /* GITSOURTests.xctest */;
			productType = "com.apple.product-type.bundle.unit-test";
		};
/* End PBXNativeTarget section */

/* Begin PBXProject section */
		1ACC11AC1B302A5D000C99A9 /* Project object */ = {
			isa = PBXProject;
			attributes = {
				LastUpgradeCheck = 0630;
				ORGANIZATIONNAME = Manjit;
				TargetAttributes = {
					1ACC11B31B302A5D000C99A9 = {
						CreatedOnToolsVersion = 6.3.2;
					};
					1ACC11CC1B302A5D000C99A9 = {
						CreatedOnToolsVersion = 6.3.2;
						TestTargetID = 1ACC11B31B302A5D000C99A9;
					};
				};
			};
			buildConfigurationList = 1ACC11AF1B302A5D000C99A9 /* Build configuration list for PBXProject "GITSOUR" */;
			compatibilityVersion = "Xcode 3.2";
			developmentRegion = English;
			hasScannedForEncodings = 0;
			knownRegions = (
				en,
				Base,
			);
			mainGroup = 1ACC11AB1B302A5D000C99A9;
			productRefGroup = 1ACC11B51B302A5D000C99A9 /* Products */;
			projectDirPath = "";
			projectRoot = "";
			targets = (
				1ACC11B31B302A5D000C99A9 /* GITSOUR */,
				1ACC11CC1B302A5D000C99A9 /* GITSOURTests */,
			);
		};
/* End PBXProject section */

/* Begin PBXResourcesBuildPhase section */
		1ACC11B21B302A5D000C99A9 /* Resources */ = {
			isa = PBXResourcesBuildPhase;
			buildActionMask = 2147483647;
			files = (
				1ACC11C31B302A5D000C99A9 /* Main.storyboard in Resources */,
				1ACC11C81B302A5D000C99A9 /* LaunchScreen.xib in Resources */,
				1ACC11C51B302A5D000C99A9 /* Images.xcassets in Resources */,
			);
			runOnlyForDeploymentPostprocessing = 0;
		};
		1ACC11CB1B302A5D000C99A9 /* Resources */ = {
			isa = PBXResourcesBuildPhase;
			buildActionMask = 2147483647;
			files = (
			);
			runOnlyForDeploymentPostprocessing = 0;
		};
/* End PBXResourcesBuildPhase section */

/* Begin PBXSourcesBuildPhase section */
		1ACC11B01B302A5D000C99A9 /* Sources */ = {
			isa = PBXSourcesBuildPhase;
			buildActionMask = 2147483647;
			files = (
				1ACC11C01B302A5D000C99A9 /* ViewController.m in Sources */,
				1ACC12111B3031F3000C99A9 /* NewView.m in Sources */,
				1ACC11BD1B302A5D000C99A9 /* AppDelegate.m in Sources */,
				1ACC11BA1B302A5D000C99A9 /* main.m in Sources */,
			);
			runOnlyForDeploymentPostprocessing = 0;
		};
		1ACC11C91B302A5D000C99A9 /* Sources */ = {
			isa = PBXSourcesBuildPhase;
			buildActionMask = 2147483647;
			files = (
				1ACC11D41B302A5D000C99A9 /* GITSOURTests.m in Sources */,
			);
			runOnlyForDeploymentPostprocessing = 0;
		};
/* End PBXSourcesBuildPhase section */

/* Begin PBXTargetDependency section */
		1ACC11CF1B302A5D000C99A9 /* PBXTargetDependency */ = {
			isa = PBXTargetDependency;
			target = 1ACC11B31B302A5D000C99A9 /* GITSOUR */;
			targetProxy = 1ACC11CE1B302A5D000C99A9 /* PBXContainerItemProxy */;
		};
/* End PBXTargetDependency section */

/* Begin PBXVariantGroup section */
		1ACC11C11B302A5D000C99A9 /* Main.storyboard */ = {
			isa = PBXVariantGroup;
			children = (
				1ACC11C21B302A5D000C99A9 /* Base */,
			);
			name = Main.storyboard;
			sourceTree = "<group>";
		};
		1ACC11C61B302A5D000C99A9 /* LaunchScreen.xib */ = {
			isa = PBXVariantGroup;
			children = (
				1ACC11C71B302A5D000C99A9 /* Base */,
			);
			name = LaunchScreen.xib;
			sourceTree = "<group>";
		};
/* End PBXVariantGroup section */

/* Begin XCBuildConfiguration section */
		1ACC11D51B302A5D000C99A9 /* Debug */ = {
			isa = XCBuildConfiguration;
			buildSettings = {
				ALWAYS_SEARCH_USER_PATHS = NO;
				CLANG_CXX_LANGUAGE_STANDARD = "gnu++0x";
				CLANG_CXX_LIBRARY = "libc++";
				CLANG_ENABLE_MODULES = YES;
				CLANG_ENABLE_OBJC_ARC = YES;
				CLANG_WARN_BOOL_CONVERSION = YES;
				CLANG_WARN_CONSTANT_CONVERSION = YES;
				CLANG_WARN_DIRECT_OBJC_ISA_USAGE = YES_ERROR;
				CLANG_WARN_EMPTY_BODY = YES;
				CLANG_WARN_ENUM_CONVERSION = YES;
				CLANG_WARN_INT_CONVERSION = YES;
				CLANG_WARN_OBJC_ROOT_CLASS = YES_ERROR;
				CLANG_WARN_UNREACHABLE_CODE = YES;
				CLANG_WARN__DUPLICATE_METHOD_MATCH = YES;
				"CODE_SIGN_IDENTITY[sdk=iphoneos*]" = "iPhone Developer";
				COPY_PHASE_STRIP = NO;
				DEBUG_INFORMATION_FORMAT = "dwarf-with-dsym";
				ENABLE_STRICT_OBJC_MSGSEND = YES;
				GCC_C_LANGUAGE_STANDARD = gnu99;
				GCC_DYNAMIC_NO_PIC = NO;
				GCC_NO_COMMON_BLOCKS = YES;
				GCC_OPTIMIZATION_LEVEL = 0;
				GCC_PREPROCESSOR_DEFINITIONS = (
					"DEBUG=1",
					"$(inherited)",
				);
				GCC_SYMBOLS_PRIVATE_EXTERN = NO;
				GCC_WARN_64_TO_32_BIT_CONVERSION = YES;
				GCC_WARN_ABOUT_RETURN_TYPE = YES_ERROR;
				GCC_WARN_UNDECLARED_SELECTOR = YES;
				GCC_WARN_UNINITIALIZED_AUTOS = YES_AGGRESSIVE;
				GCC_WARN_UNUSED_FUNCTION = YES;
				GCC_WARN_UNUSED_VARIABLE = YES;
				IPHONEOS_DEPLOYMENT_TARGET = 8.3;
				MTL_ENABLE_DEBUG_INFO = YES;
				ONLY_ACTIVE_ARCH = YES;
				SDKROOT = iphoneos;
				TARGETED_DEVICE_FAMILY = "1,2";
			};
			name = Debug;
		};
		1ACC11D61B302A5D000C99A9 /* Release */ = {
			isa = XCBuildConfiguration;
			buildSettings = {
				ALWAYS_SEARCH_USER_PATHS = NO;
				CLANG_CXX_LANGUAGE_STANDARD = "gnu++0x";
				CLANG_CXX_LIBRARY = "libc++";
				CLANG_ENABLE_MODULES = YES;
				CLANG_ENABLE_OBJC_ARC = YES;
				CLANG_WARN_BOOL_CONVERSION = YES;
				CLANG_WARN_CONSTANT_CONVERSION = YES;
				CLANG_WARN_DIRECT_OBJC_ISA_USAGE = YES_ERROR;
				CLANG_WARN_EMPTY_BODY = YES;
				CLANG_WARN_ENUM_CONVERSION = YES;
				CLANG_WARN_INT_CONVERSION = YES;
				CLANG_WARN_OBJC_ROOT_CLASS = YES_ERROR;
				CLANG_WARN_UNREACHABLE_CODE = YES;
				CLANG_WARN__DUPLICATE_METHOD_MATCH = YES;
				"CODE_SIGN_IDENTITY[sdk=iphoneos*]" = "iPhone Developer";
				COPY_PHASE_STRIP = NO;
				DEBUG_INFORMATION_FORMAT = "dwarf-with-dsym";
				ENABLE_NS_ASSERTIONS = NO;
				ENABLE_STRICT_OBJC_MSGSEND = YES;
				GCC_C_LANGUAGE_STANDARD = gnu99;
				GCC_NO_COMMON_BLOCKS = YES;
				GCC_WARN_64_TO_32_BIT_CONVERSION = YES;
				GCC_WARN_ABOUT_RETURN_TYPE = YES_ERROR;
				GCC_WARN_UNDECLARED_SELECTOR = YES;
				GCC_WARN_UNINITIALIZED_AUTOS = YES_AGGRESSIVE;
				GCC_WARN_UNUSED_FUNCTION = YES;
				GCC_WARN_UNUSED_VARIABLE = YES;
				IPHONEOS_DEPLOYMENT_TARGET = 8.3;
				MTL_ENABLE_DEBUG_INFO = NO;
				SDKROOT = iphoneos;
				TARGETED_DEVICE_FAMILY = "1,2";
				VALIDATE_PRODUCT = YES;
			};
			name = Release;
		};
		1ACC11D81B302A5D000C99A9 /* Debug */ = {
			isa = XCBuildConfiguration;
			buildSettings = {
				ASSETCATALOG_COMPILER_APPICON_NAME = AppIcon;
				INFOPLIST_FILE = GITSOUR/Info.plist;
				IPHONEOS_DEPLOYMENT_TARGET = 6.1;
				LD_RUNPATH_SEARCH_PATHS = "$(inherited) @executable_path/Frameworks";
				PRODUCT_NAME = "$(TARGET_NAME)";
			};
			name = Debug;
		};
		1ACC11D91B302A5D000C99A9 /* Release */ = {
			isa = XCBuildConfiguration;
			buildSettings = {
				ASSETCATALOG_COMPILER_APPICON_NAME = AppIcon;
				INFOPLIST_FILE = GITSOUR/Info.plist;
				IPHONEOS_DEPLOYMENT_TARGET = 6.1;
				LD_RUNPATH_SEARCH_PATHS = "$(inherited) @executable_path/Frameworks";
				PRODUCT_NAME = "$(TARGET_NAME)";
			};
			name = Release;
		};
		1ACC11DB1B302A5D000C99A9 /* Debug */ = {
			isa = XCBuildConfiguration;
			buildSettings = {
				BUNDLE_LOADER = "$(TEST_HOST)";
				FRAMEWORK_SEARCH_PATHS = (
					"$(SDKROOT)/Developer/Library/Frameworks",
					"$(inherited)",
				);
				GCC_PREPROCESSOR_DEFINITIONS = (
					"DEBUG=1",
					"$(inherited)",
				);
				INFOPLIST_FILE = GITSOURTests/Info.plist;
				LD_RUNPATH_SEARCH_PATHS = "$(inherited) @executable_path/Frameworks @loader_path/Frameworks";
				PRODUCT_NAME = "$(TARGET_NAME)";
				TEST_HOST = "$(BUILT_PRODUCTS_DIR)/GITSOUR.app/GITSOUR";
			};
			name = Debug;
		};
		1ACC11DC1B302A5D000C99A9 /* Release */ = {
			isa = XCBuildConfiguration;
			buildSettings = {
				BUNDLE_LOADER = "$(TEST_HOST)";
				FRAMEWORK_SEARCH_PATHS = (
					"$(SDKROOT)/Developer/Library/Frameworks",
					"$(inherited)",
				);
				INFOPLIST_FILE = GITSOURTests/Info.plist;
				LD_RUNPATH_SEARCH_PATHS = "$(inherited) @executable_path/Frameworks @loader_path/Frameworks";
				PRODUCT_NAME = "$(TARGET_NAME)";
				TEST_HOST = "$(BUILT_PRODUCTS_DIR)/GITSOUR.app/GITSOUR";
			};
			name = Release;
		};
/* End XCBuildConfiguration section */

/* Begin XCConfigurationList section */
		1ACC11AF1B302A5D000C99A9 /* Build configuration list for PBXProject "GITSOUR" */ = {
			isa = XCConfigurationList;
			buildConfigurations = (
				1ACC11D51B302A5D000C99A9 /* Debug */,
				1ACC11D61B302A5D000C99A9 /* Release */,
			);
			defaultConfigurationIsVisible = 0;
			defaultConfigurationName = Release;
		};
		1ACC11D71B302A5D000C99A9 /* Build configuration list for PBXNativeTarget "GITSOUR" */ = {
			isa = XCConfigurationList;
			buildConfigurations = (
				1ACC11D81B302A5D000C99A9 /* Debug */,
				1ACC11D91B302A5D000C99A9 /* Release */,
			);
			defaultConfigurationIsVisible = 0;
			defaultConfigurationName = Release;
		};
		1ACC11DA1B302A5D000C99A9 /* Build configuration list for PBXNativeTarget "GITSOURTests" */ = {
			isa = XCConfigurationList;
			buildConfigurations = (
				1ACC11DB1B302A5D000C99A9 /* Debug */,
				1ACC11DC1B302A5D000C99A9 /* Release */,
			);
			defaultConfigurationIsVisible = 0;
			defaultConfigurationName = Release;
		};
/* End XCConfigurationList section */
	};
	rootObject = 1ACC11AC1B302A5D000C99A9 /* Project object */;
}
